
Microsoft Visual Studio Solution File, Format Version 12.00
# Visual Studio Version 16
VisualStudioVersion = 16.0.29926.136
MinimumVisualStudioVersion = 10.0.40219.1
Project("{9A19103F-16F7-4668-BE54-9A1E7A4F7556}") = "Calculator", "Calculator\Calculator.csproj", "{714DAC4B-874B-41E9-9C1A-C02CC4E79AA0}"
EndProject
Project("{FAE04EC0-301F-11D3-BF4B-00C04F79EFBC}") = "Calculator.Tests", "Calculator.Tests\Calculator.Tests.csproj", "{919BB4F4-8E1E-40E1-A3AE-9D051D2DF8CF}"
EndProject
Global
	GlobalSection(SolutionConfigurationPlatforms) = preSolution
		Debug|Any CPU = Debug|Any CPU
		Release|Any CPU = Release|Any CPU
	EndGlobalSection
	GlobalSection(ProjectConfigurationPlatforms) = postSolution
		{714DAC4B-874B-41E9-9C1A-C02CC4E79AA0}.Debug|Any CPU.ActiveCfg = Debug|Any CPU
		{714DAC4B-874B-41E9-9C1A-C02CC4E79AA0}.Debug|Any CPU.Build.0 = Debug|Any CPU
		{714DAC4B-874B-41E9-9C1A-C02CC4E79AA0}.Release|Any CPU.ActiveCfg = Release|Any CPU
		{714DAC4B-874B-41E9-9C1A-C02CC4E79AA0}.Release|Any CPU.Build.0 = Release|Any CPU
		{919BB4F4-8E1E-40E1-A3AE-9D051D2DF8CF}.Debug|Any CPU.ActiveCfg = Debug|Any CPU
		{919BB4F4-8E1E-40E1-A3AE-9D051D2DF8CF}.Debug|Any CPU.Build.0 = Debug|Any CPU
		{919BB4F4-8E1E-40E1-A3AE-9D051D2DF8CF}.Release|Any CPU.ActiveCfg = Release|Any CPU
		{919BB4F4-8E1E-40E1-A3AE-9D051D2DF8CF}.Release|Any CPU.Build.0 = Release|Any CPU
	EndGlobalSection
	GlobalSection(SolutionProperties) = preSolution
		HideSolutionNode = FALSE
	EndGlobalSection
	GlobalSection(ExtensibilityGlobals) = postSolution
		SolutionGuid = {26AFC45E-B0B4-4173-8C8E-C428C828664A}
	EndGlobalSection
EndGlobal
